
Microsoft Visual Studio Solution File, Format Version 12.00
# Visual Studio Version 17
VisualStudioVersion = 17.13.35828.75 d17.13
MinimumVisualStudioVersion = 10.0.40219.1
Project("{FAE04EC0-301F-11D3-BF4B-00C04F79EFBC}") = "EventEaseBookingSystem2", "EventEaseBookingSystem2\EventEaseBookingSystem2.csproj", "{DA7C0545-9CFB-498B-ABB9-21291496388E}"
EndProject
Global
	GlobalSection(SolutionConfigurationPlatforms) = preSolution
		Debug|Any CPU = Debug|Any CPU
		Release|Any CPU = Release|Any CPU
	EndGlobalSection
	GlobalSection(ProjectConfigurationPlatforms) = postSolution
		{DA7C0545-9CFB-498B-ABB9-21291496388E}.Debug|Any CPU.ActiveCfg = Debug|Any CPU
		{DA7C0545-9CFB-498B-ABB9-21291496388E}.Debug|Any CPU.Build.0 = Debug|Any CPU
		{DA7C0545-9CFB-498B-ABB9-21291496388E}.Release|Any CPU.ActiveCfg = Release|Any CPU
		{DA7C0545-9CFB-498B-ABB9-21291496388E}.Release|Any CPU.Build.0 = Release|Any CPU
	EndGlobalSection
	GlobalSection(SolutionProperties) = preSolution
		HideSolutionNode = FALSE
	EndGlobalSection
	GlobalSection(ExtensibilityGlobals) = postSolution
		SolutionGuid = {9C20F980-C437-4314-9C60-3DF09BC9D7CB}
	EndGlobalSection
EndGlobal
